name: update-flake-lock
on:
  workflow_dispatch:
  schedule:
    - cron: '0 4 * * 1'   # Mondays 04:00 UTC
permissions:
  contents: write
  pull-requests: write
jobs:
  lockfile:
    runs-on: ubuntu-latest
    steps:
      - uses: actions/checkout@v4
      - uses: DeterminateSystems/determinate-nix-action@v3
      - uses: DeterminateSystems/update-flake-lock@main
        with:
          pr-title: "flake: update lock"
